
Microsoft Visual Studio Solution File, Format Version 12.00
# Visual Studio Version 17
VisualStudioVersion = 17.13.35828.75
MinimumVisualStudioVersion = 10.0.40219.1
Project("{FAE04EC0-301F-11D3-BF4B-00C04F79EFBC}") = "MagicVilla.API", "MagicVilla_VillaAPI\MagicVilla.API.csproj", "{2E3990C3-027C-4135-AEB7-111F96AD34A3}"
EndProject
Project("{FAE04EC0-301F-11D3-BF4B-00C04F79EFBC}") = "MagicVilla.Web", "MagicVilla_Web\MagicVilla.Web.csproj", "{4DBC41CC-FCFF-4CCF-BCB1-309453718036}"
EndProject
Project("{FAE04EC0-301F-11D3-BF4B-00C04F79EFBC}") = "MagicVilla.Utility", "MagicVilla_Utility\MagicVilla.Utility.csproj", "{46BFB04F-8A5E-4430-805A-933C008A87BF}"
EndProject
Global
	GlobalSection(SolutionConfigurationPlatforms) = preSolution
		Debug|Any CPU = Debug|Any CPU
		Release|Any CPU = Release|Any CPU
	EndGlobalSection
	GlobalSection(ProjectConfigurationPlatforms) = postSolution
		{2E3990C3-027C-4135-AEB7-111F96AD34A3}.Debug|Any CPU.ActiveCfg = Debug|Any CPU
		{2E3990C3-027C-4135-AEB7-111F96AD34A3}.Debug|Any CPU.Build.0 = Debug|Any CPU
		{2E3990C3-027C-4135-AEB7-111F96AD34A3}.Release|Any CPU.ActiveCfg = Release|Any CPU
		{2E3990C3-027C-4135-AEB7-111F96AD34A3}.Release|Any CPU.Build.0 = Release|Any CPU
		{4DBC41CC-FCFF-4CCF-BCB1-309453718036}.Debug|Any CPU.ActiveCfg = Debug|Any CPU
		{4DBC41CC-FCFF-4CCF-BCB1-309453718036}.Debug|Any CPU.Build.0 = Debug|Any CPU
		{4DBC41CC-FCFF-4CCF-BCB1-309453718036}.Release|Any CPU.ActiveCfg = Release|Any CPU
		{4DBC41CC-FCFF-4CCF-BCB1-309453718036}.Release|Any CPU.Build.0 = Release|Any CPU
		{46BFB04F-8A5E-4430-805A-933C008A87BF}.Debug|Any CPU.ActiveCfg = Debug|Any CPU
		{46BFB04F-8A5E-4430-805A-933C008A87BF}.Debug|Any CPU.Build.0 = Debug|Any CPU
		{46BFB04F-8A5E-4430-805A-933C008A87BF}.Release|Any CPU.ActiveCfg = Release|Any CPU
		{46BFB04F-8A5E-4430-805A-933C008A87BF}.Release|Any CPU.Build.0 = Release|Any CPU
	EndGlobalSection
	GlobalSection(SolutionProperties) = preSolution
		HideSolutionNode = FALSE
	EndGlobalSection
	GlobalSection(ExtensibilityGlobals) = postSolution
		SolutionGuid = {F660EB23-9F27-49EF-B197-ED6801A466E1}
	EndGlobalSection
EndGlobal
